
Microsoft Visual Studio Solution File, Format Version 12.00
# Visual Studio Version 17
VisualStudioVersion = 17.0.31903.59
MinimumVisualStudioVersion = 10.0.40219.1
Project("{FAE04EC0-301F-11D3-BF4B-00C04F79EFBC}") = "Updog.Core", "Updog.Core\Updog.Core.csproj", "{8CCD44ED-48E2-4CDB-BFD1-C62820EB8396}"
EndProject
Project("{FAE04EC0-301F-11D3-BF4B-00C04F79EFBC}") = "Updog.WebApp", "Updog.WebApp\Updog.WebApp.csproj", "{FD1E030E-1807-42E4-92BB-361D902E3C96}"
EndProject
Global
	GlobalSection(SolutionConfigurationPlatforms) = preSolution
		Debug|Any CPU = Debug|Any CPU
		Release|Any CPU = Release|Any CPU
	EndGlobalSection
	GlobalSection(SolutionProperties) = preSolution
		HideSolutionNode = FALSE
	EndGlobalSection
	GlobalSection(ProjectConfigurationPlatforms) = postSolution
		{8CCD44ED-48E2-4CDB-BFD1-C62820EB8396}.Debug|Any CPU.ActiveCfg = Debug|Any CPU
		{8CCD44ED-48E2-4CDB-BFD1-C62820EB8396}.Debug|Any CPU.Build.0 = Debug|Any CPU
		{8CCD44ED-48E2-4CDB-BFD1-C62820EB8396}.Release|Any CPU.ActiveCfg = Release|Any CPU
		{8CCD44ED-48E2-4CDB-BFD1-C62820EB8396}.Release|Any CPU.Build.0 = Release|Any CPU
		{FD1E030E-1807-42E4-92BB-361D902E3C96}.Debug|Any CPU.ActiveCfg = Debug|Any CPU
		{FD1E030E-1807-42E4-92BB-361D902E3C96}.Debug|Any CPU.Build.0 = Debug|Any CPU
		{FD1E030E-1807-42E4-92BB-361D902E3C96}.Release|Any CPU.ActiveCfg = Release|Any CPU
		{FD1E030E-1807-42E4-92BB-361D902E3C96}.Release|Any CPU.Build.0 = Release|Any CPU
	EndGlobalSection
EndGlobal
